<?xml version="1.0" encoding="utf-8"?>
<Project DefaultTargets="Build" ToolsVersion="4.0" xmlns="http://schemas.microsoft.com/developer/msbuild/2003">
  <PropertyGroup>
    <Configuration Condition=" '$(Configuration)' == '' ">Debug</Configuration>
    <Platform Condition=" '$(Platform)' == '' ">AnyCPU</Platform>
    <ProjectGuid>{B325B502-AA47-4BDF-9431-02B3AD519DEC}</ProjectGuid>
    <Compiler>GDC</Compiler>
    <PreferOneStepBuild>true</PreferOneStepBuild>
    <UseDefaultCompiler>true</UseDefaultCompiler>
    <IncrementalLinking>true</IncrementalLinking>
  </PropertyGroup>
  <PropertyGroup Condition=" '$(Configuration)|$(Platform)' == 'Debug|AnyCPU' ">
    <DebugSymbols>true</DebugSymbols>
    <ObjectsDirectory>obj/Debug</ObjectsDirectory>
    <LinkinThirdPartyLibraries>false</LinkinThirdPartyLibraries>
    <UnittestMode>false</UnittestMode>
    <OutputName>Desilog</OutputName>
    <Target>Executable</Target>
    <DebugLevel>0</DebugLevel>
    <ConsolePause>false</ConsolePause>
    <OutputPath>bin</OutputPath>
  </PropertyGroup>
  <PropertyGroup Condition=" '$(Configuration)|$(Platform)' == 'Release|AnyCPU' ">
    <OutputPath>bin\Release</OutputPath>
    <ObjectsDirectory>obj/Release</ObjectsDirectory>
    <LinkinThirdPartyLibraries>false</LinkinThirdPartyLibraries>
    <UnittestMode>false</UnittestMode>
    <OutputName>Desilog</OutputName>
    <Target>Executable</Target>
    <Externalconsole>true</Externalconsole>
    <DebugLevel>0</DebugLevel>
    <ConsolePause>false</ConsolePause>
  </PropertyGroup>
  <PropertyGroup Condition=" '$(Configuration)|$(Platform)' == 'Unittest|AnyCPU' ">
    <DebugSymbols>true</DebugSymbols>
    <OutputPath>bin\Unittest</OutputPath>
    <ObjectsDirectory>obj/Unittest</ObjectsDirectory>
    <LinkinThirdPartyLibraries>false</LinkinThirdPartyLibraries>
    <UnittestMode>true</UnittestMode>
    <OutputName>Desilog</OutputName>
    <Target>Executable</Target>
    <Externalconsole>true</Externalconsole>
    <DebugLevel>0</DebugLevel>
    <ConsolePause>false</ConsolePause>
  </PropertyGroup>
  <ItemGroup>
    <Compile Include="source\app.d" />
    <Compile Include="source\common.d" />
    <Compile Include="source\knode.d" />
    <Compile Include="source\tools.d" />
    <Compile Include="source\nodes\dpfile.d" />
    <Compile Include="source\nodes\kintf.d" />
    <Compile Include="source\nodes\ktyp.d" />
    <Compile Include="source\nodes\kvar.d" />
    <Compile Include="source\parser\token.d" />
    <Compile Include="source\parser\tokenizer.d" />
    <Compile Include="source\parser\expr.d" />
    <Compile Include="source\parser\stmt.d" />
    <Compile Include="source\gen\gen_vhdl.d" />
    <Compile Include="source\nodes\karg.d" />
  </ItemGroup>
  <ItemGroup>
    <Folder Include="source\gen\" />
  </ItemGroup>
</Project>